
Microsoft Visual Studio Solution File, Format Version 12.00
# Visual Studio Version 16
VisualStudioVersion = 16.0.28922.388
MinimumVisualStudioVersion = 10.0.40219.1
Project("{FAE04EC0-301F-11D3-BF4B-00C04F79EFBC}") = "tread", "tread\tread.csproj", "{EDD840A0-C73B-4696-9B78-3868D0595D57}"
EndProject
Global
	GlobalSection(SolutionConfigurationPlatforms) = preSolution
		Debug|Any CPU = Debug|Any CPU
		Release|Any CPU = Release|Any CPU
	EndGlobalSection
	GlobalSection(ProjectConfigurationPlatforms) = postSolution
		{EDD840A0-C73B-4696-9B78-3868D0595D57}.Debug|Any CPU.ActiveCfg = Debug|Any CPU
		{EDD840A0-C73B-4696-9B78-3868D0595D57}.Debug|Any CPU.Build.0 = Debug|Any CPU
		{EDD840A0-C73B-4696-9B78-3868D0595D57}.Release|Any CPU.ActiveCfg = Release|Any CPU
		{EDD840A0-C73B-4696-9B78-3868D0595D57}.Release|Any CPU.Build.0 = Release|Any CPU
	EndGlobalSection
	GlobalSection(SolutionProperties) = preSolution
		HideSolutionNode = FALSE
	EndGlobalSection
	GlobalSection(ExtensibilityGlobals) = postSolution
		SolutionGuid = {0DA07516-D25E-4470-B54D-16C3C1618B5B}
	EndGlobalSection
EndGlobal
